
Microsoft Visual Studio Solution File, Format Version 12.00
# Visual Studio Version 17
VisualStudioVersion = 17.9.34728.123
MinimumVisualStudioVersion = 10.0.40219.1
Project("{FAE04EC0-301F-11D3-BF4B-00C04F79EFBC}") = "StudyNow.Web", "StudyNow.Web\StudyNow.Web.csproj", "{13A84EC7-296A-45C5-89CA-22BC7786FFC1}"
EndProject
Project("{FAE04EC0-301F-11D3-BF4B-00C04F79EFBC}") = "StudyNow.Bll", "StudyNow.Bll\StudyNow.Bll.csproj", "{36D95E4E-C980-472F-8C6F-3B2C3C4DDB8F}"
EndProject
Project("{FAE04EC0-301F-11D3-BF4B-00C04F79EFBC}") = "StudyNow.Dal", "StudyNow.Dal\StudyNow.Dal.csproj", "{1B419BBE-5422-4354-82E7-7D3D07F86C7B}"
EndProject
Global
	GlobalSection(SolutionConfigurationPlatforms) = preSolution
		Debug|Any CPU = Debug|Any CPU
		Release|Any CPU = Release|Any CPU
	EndGlobalSection
	GlobalSection(ProjectConfigurationPlatforms) = postSolution
		{13A84EC7-296A-45C5-89CA-22BC7786FFC1}.Debug|Any CPU.ActiveCfg = Debug|Any CPU
		{13A84EC7-296A-45C5-89CA-22BC7786FFC1}.Debug|Any CPU.Build.0 = Debug|Any CPU
		{13A84EC7-296A-45C5-89CA-22BC7786FFC1}.Release|Any CPU.ActiveCfg = Release|Any CPU
		{13A84EC7-296A-45C5-89CA-22BC7786FFC1}.Release|Any CPU.Build.0 = Release|Any CPU
		{36D95E4E-C980-472F-8C6F-3B2C3C4DDB8F}.Debug|Any CPU.ActiveCfg = Debug|Any CPU
		{36D95E4E-C980-472F-8C6F-3B2C3C4DDB8F}.Debug|Any CPU.Build.0 = Debug|Any CPU
		{36D95E4E-C980-472F-8C6F-3B2C3C4DDB8F}.Release|Any CPU.ActiveCfg = Release|Any CPU
		{36D95E4E-C980-472F-8C6F-3B2C3C4DDB8F}.Release|Any CPU.Build.0 = Release|Any CPU
		{1B419BBE-5422-4354-82E7-7D3D07F86C7B}.Debug|Any CPU.ActiveCfg = Debug|Any CPU
		{1B419BBE-5422-4354-82E7-7D3D07F86C7B}.Debug|Any CPU.Build.0 = Debug|Any CPU
		{1B419BBE-5422-4354-82E7-7D3D07F86C7B}.Release|Any CPU.ActiveCfg = Release|Any CPU
		{1B419BBE-5422-4354-82E7-7D3D07F86C7B}.Release|Any CPU.Build.0 = Release|Any CPU
	EndGlobalSection
	GlobalSection(SolutionProperties) = preSolution
		HideSolutionNode = FALSE
	EndGlobalSection
	GlobalSection(ExtensibilityGlobals) = postSolution
		SolutionGuid = {40682F67-1E4D-4DEE-A395-F4273B3210E2}
	EndGlobalSection
EndGlobal
